{
  "originHash" : "a4da1d0655dc34a5b97100c73e90f6224a98712d56f9b7d9e9cd392b879c047e",
  "pins" : [
    {
      "identity" : "easybar",
      "kind" : "remoteSourceControl",
      "location" : "https://github.com/gi8lino/easybar.git",
      "state" : {
        "revision" : "edd383928e165ba02eef5a3d0dd13064df593b54",
        "version" : "0.0.67"
      }
    },
    {
      "identity" : "tomlkit",
      "kind" : "remoteSourceControl",
      "location" : "https://github.com/LebJe/TOMLKit",
      "state" : {
        "revision" : "ec6198d37d495efc6acd4dffbd262cdca7ff9b3f",
        "version" : "0.6.0"
      }
    }
  ],
  "version" : 3
}
