{
  "originHash" : "1027020523a64b2d9d42473765ae88986e9ade429d82e0d51573074e7f2ca19a",
  "pins" : [
    {
      "identity" : "easybar",
      "kind" : "remoteSourceControl",
      "location" : "https://github.com/gi8lino/easybar.git",
      "state" : {
        "revision" : "8f592a284fbc4e392d6adfafc8e06f1dac6b7176",
        "version" : "0.0.125"
      }
    },
    {
      "identity" : "tomlkit",
      "kind" : "remoteSourceControl",
      "location" : "https://github.com/LebJe/TOMLKit",
      "state" : {
        "revision" : "ec6198d37d495efc6acd4dffbd262cdca7ff9b3f",
        "version" : "0.6.0"
      }
    }
  ],
  "version" : 3
}
